schema: '2.0'
stages:
  data_ingestion:
    cmd: python src/ChestClassifier/pipeline/step_1_data_ingestion.py
    deps:
    - path: config/config.yaml
      hash: md5
      md5: 7b3fbed1e0385bf09b3fa5c39611a334
      size: 589
    - path: src/ChestClassifier/pipeline/step_1_data_ingestion.py
      hash: md5
      md5: b2a4dd187e1e62979087e600cdfb8c83
      size: 909
    outs:
    - path: artifacts/data_ingestion/Chest-CT-Scan-data
      hash: md5
      md5: 904fa45d934ce879b3b1933dca6cb2f1.dir
      size: 49247431
      nfiles: 343
  prepare_base_model:
    cmd: python src/ChestClassifier/pipeline/step_2_prepare_base_model.py
    deps:
    - path: config/config.yaml
      hash: md5
      md5: 7b3fbed1e0385bf09b3fa5c39611a334
      size: 589
    - path: src/ChestClassifier/pipeline/step_2_prepare_base_model.py
      hash: md5
      md5: ca61146f61665405b4463356a1b67726
      size: 956
    params:
      params.yaml:
        CLASSES: 2
        IMAGE_SIZE:
        - 224
        - 224
        - 3
        INCLUDE_TOP: false
        LEARNING_RATE: 0.01
        WEIGHTS: imagenet
    outs:
    - path: artifacts/prepare_base_model
      hash: md5
      md5: b42ff2c30f14b9cc7d0b595319174f59.dir
      size: 118054560
      nfiles: 2
  training:
    cmd: python src/ChestClassifier/pipeline/step_3_training.py
    deps:
    - path: artifacts/data_ingestion/Chest-CT-Scan-data
      hash: md5
      md5: 904fa45d934ce879b3b1933dca6cb2f1.dir
      size: 49247431
      nfiles: 343
    - path: artifacts/prepare_base_model
      hash: md5
      md5: 01b4913fc4456c3c1ea9d01c5058cfee.dir
      size: 117870240
      nfiles: 2
    - path: config/config.yaml
      hash: md5
      md5: 7b3fbed1e0385bf09b3fa5c39611a334
      size: 589
    - path: src/ChestClassifier/pipeline/step_3_training.py
      hash: md5
      md5: bea56ef9bc29be5c9ccf9d39630a874b
      size: 857
    params:
      params.yaml:
        AUGMENTATION: true
        BATCH_SIZE: 32
        IMAGE_SIZE:
        - 64
        - 64
        - 3
        INCLUDE_TOP: false
    outs:
    - path: artifacts/training/trained_model.h5
      hash: md5
      md5: 9fc11f6a69740144033a494066407cac
      size: 58987864
  evaluation:
    cmd: python src/ChestClassifier/pipeline/step_4_evaluation.py
    deps:
    - path: artifacts/data_ingestion/Chest-CT-Scan-data
      hash: md5
      md5: 904fa45d934ce879b3b1933dca6cb2f1.dir
      size: 49247431
      nfiles: 343
    - path: artifacts/training/trained_model.h5
      hash: md5
      md5: 9fc11f6a69740144033a494066407cac
      size: 58987864
    - path: config/config.yaml
      hash: md5
      md5: 7b3fbed1e0385bf09b3fa5c39611a334
      size: 589
    - path: src/ChestClassifier/pipeline/step_4_evaluation.py
      hash: md5
      md5: 64a145c2900e3056cb4653e2ab13ca64
      size: 834
    params:
      params.yaml:
        BATCH_SIZE: 32
        IMAGE_SIZE:
        - 64
        - 64
        - 3
    outs:
    - path: scores.json
      hash: md5
      md5: 9803d152e632b999464fcee94ad9cecf
      size: 75
